
Microsoft Visual Studio Solution File, Format Version 12.00
# Visual Studio Version 17
VisualStudioVersion = 17.9.34723.18
MinimumVisualStudioVersion = 10.0.40219.1
Project("{9A19103F-16F7-4668-BE54-9A1E7A4F7556}") = "YTRKDotNetCore.ConsoleApp", "YTRKDotNetCore.ConsoleApp\YTRKDotNetCore.ConsoleApp.csproj", "{6D32A59E-9AF6-4A7F-83E7-870A4CF7A46A}"
EndProject
Project("{2150E333-8FDC-42A3-9474-1A3956D46DE8}") = "Documents", "Documents", "{9F505737-D357-46ED-8E50-4F17F6500A21}"
	ProjectSection(SolutionItems) = preProject
		README.md = README.md
	EndProjectSection
EndProject
Project("{9A19103F-16F7-4668-BE54-9A1E7A4F7556}") = "YTRKDotNetCore.RestApi", "YTRKDotNetCore.RestApi\YTRKDotNetCore.RestApi.csproj", "{BE5BAD5B-7B22-4678-BDA3-7E63C6052013}"
EndProject
Project("{9A19103F-16F7-4668-BE54-9A1E7A4F7556}") = "YTRKDotNetCore.Shared", "YTRKDotNetCore.Shared\YTRKDotNetCore.Shared.csproj", "{C96A4630-7038-4B57-B087-90A415189515}"
EndProject
Project("{9A19103F-16F7-4668-BE54-9A1E7A4F7556}") = "YTRKDotNetCore.RestApiWithNLayer", "YTRKDotNetCore.RestApiWithNLayer\YTRKDotNetCore.RestApiWithNLayer.csproj", "{859FD4C7-3CEB-4461-A09F-9778C7553A9D}"
EndProject
Project("{FAE04EC0-301F-11D3-BF4B-00C04F79EFBC}") = "YTRKDotNetCore.ConsoleAppHttpClient", "YTRKDotNetCore.ConsoleAppHttpClient\YTRKDotNetCore.ConsoleAppHttpClient.csproj", "{8EBFD371-D04F-4AF0-B260-24E6986C6E61}"
EndProject
Global
	GlobalSection(SolutionConfigurationPlatforms) = preSolution
		Debug|Any CPU = Debug|Any CPU
		Release|Any CPU = Release|Any CPU
	EndGlobalSection
	GlobalSection(ProjectConfigurationPlatforms) = postSolution
		{6D32A59E-9AF6-4A7F-83E7-870A4CF7A46A}.Debug|Any CPU.ActiveCfg = Debug|Any CPU
		{6D32A59E-9AF6-4A7F-83E7-870A4CF7A46A}.Debug|Any CPU.Build.0 = Debug|Any CPU
		{6D32A59E-9AF6-4A7F-83E7-870A4CF7A46A}.Release|Any CPU.ActiveCfg = Release|Any CPU
		{6D32A59E-9AF6-4A7F-83E7-870A4CF7A46A}.Release|Any CPU.Build.0 = Release|Any CPU
		{BE5BAD5B-7B22-4678-BDA3-7E63C6052013}.Debug|Any CPU.ActiveCfg = Debug|Any CPU
		{BE5BAD5B-7B22-4678-BDA3-7E63C6052013}.Debug|Any CPU.Build.0 = Debug|Any CPU
		{BE5BAD5B-7B22-4678-BDA3-7E63C6052013}.Release|Any CPU.ActiveCfg = Release|Any CPU
		{BE5BAD5B-7B22-4678-BDA3-7E63C6052013}.Release|Any CPU.Build.0 = Release|Any CPU
		{C96A4630-7038-4B57-B087-90A415189515}.Debug|Any CPU.ActiveCfg = Debug|Any CPU
		{C96A4630-7038-4B57-B087-90A415189515}.Debug|Any CPU.Build.0 = Debug|Any CPU
		{C96A4630-7038-4B57-B087-90A415189515}.Release|Any CPU.ActiveCfg = Release|Any CPU
		{C96A4630-7038-4B57-B087-90A415189515}.Release|Any CPU.Build.0 = Release|Any CPU
		{859FD4C7-3CEB-4461-A09F-9778C7553A9D}.Debug|Any CPU.ActiveCfg = Debug|Any CPU
		{859FD4C7-3CEB-4461-A09F-9778C7553A9D}.Debug|Any CPU.Build.0 = Debug|Any CPU
		{859FD4C7-3CEB-4461-A09F-9778C7553A9D}.Release|Any CPU.ActiveCfg = Release|Any CPU
		{859FD4C7-3CEB-4461-A09F-9778C7553A9D}.Release|Any CPU.Build.0 = Release|Any CPU
		{8EBFD371-D04F-4AF0-B260-24E6986C6E61}.Debug|Any CPU.ActiveCfg = Debug|Any CPU
		{8EBFD371-D04F-4AF0-B260-24E6986C6E61}.Debug|Any CPU.Build.0 = Debug|Any CPU
		{8EBFD371-D04F-4AF0-B260-24E6986C6E61}.Release|Any CPU.ActiveCfg = Release|Any CPU
		{8EBFD371-D04F-4AF0-B260-24E6986C6E61}.Release|Any CPU.Build.0 = Release|Any CPU
	EndGlobalSection
	GlobalSection(SolutionProperties) = preSolution
		HideSolutionNode = FALSE
	EndGlobalSection
	GlobalSection(ExtensibilityGlobals) = postSolution
		SolutionGuid = {4C84E970-C53B-4046-AC88-6D8EFCF65D8B}
	EndGlobalSection
EndGlobal
